
Microsoft Visual Studio Solution File, Format Version 12.00
# Visual Studio 15
VisualStudioVersion = 15.0.27428.2037
MinimumVisualStudioVersion = 10.0.40219.1
Project("{FAE04EC0-301F-11D3-BF4B-00C04F79EFBC}") = "Amethyst Assembler Translator", "Amethyst Assembler Translator\Amethyst Assembler Translator.csproj", "{014387D4-B7E8-4128-88B9-F3B589B47E1B}"
EndProject
Global
	GlobalSection(SolutionConfigurationPlatforms) = preSolution
		Debug|Any CPU = Debug|Any CPU
		Release|Any CPU = Release|Any CPU
	EndGlobalSection
	GlobalSection(ProjectConfigurationPlatforms) = postSolution
		{014387D4-B7E8-4128-88B9-F3B589B47E1B}.Debug|Any CPU.ActiveCfg = Debug|Any CPU
		{014387D4-B7E8-4128-88B9-F3B589B47E1B}.Debug|Any CPU.Build.0 = Debug|Any CPU
		{014387D4-B7E8-4128-88B9-F3B589B47E1B}.Release|Any CPU.ActiveCfg = Release|Any CPU
		{014387D4-B7E8-4128-88B9-F3B589B47E1B}.Release|Any CPU.Build.0 = Release|Any CPU
	EndGlobalSection
	GlobalSection(SolutionProperties) = preSolution
		HideSolutionNode = FALSE
	EndGlobalSection
	GlobalSection(ExtensibilityGlobals) = postSolution
		SolutionGuid = {1090C910-B61A-458B-9277-BF53238C6D8A}
	EndGlobalSection
EndGlobal
